
Microsoft Visual Studio Solution File, Format Version 10.00
# Visual Studio 2008
Project("{FAE04EC0-301F-11D3-BF4B-00C04F79EFBC}") = "Weixin", "Weixin\Weixin.csproj", "{BD4C016F-4851-427A-963F-17259EE24130}"
EndProject
Project("{FAE04EC0-301F-11D3-BF4B-00C04F79EFBC}") = "Weixin.Common", "Weixin.Common\Weixin.Common.csproj", "{4821242C-E17A-4805-AD28-8A0810B55D3A}"
EndProject
Global
	GlobalSection(SolutionConfigurationPlatforms) = preSolution
		Debug|Any CPU = Debug|Any CPU
		Release|Any CPU = Release|Any CPU
	EndGlobalSection
	GlobalSection(ProjectConfigurationPlatforms) = postSolution
		{BD4C016F-4851-427A-963F-17259EE24130}.Debug|Any CPU.ActiveCfg = Debug|Any CPU
		{BD4C016F-4851-427A-963F-17259EE24130}.Debug|Any CPU.Build.0 = Debug|Any CPU
		{BD4C016F-4851-427A-963F-17259EE24130}.Release|Any CPU.ActiveCfg = Release|Any CPU
		{BD4C016F-4851-427A-963F-17259EE24130}.Release|Any CPU.Build.0 = Release|Any CPU
		{4821242C-E17A-4805-AD28-8A0810B55D3A}.Debug|Any CPU.ActiveCfg = Debug|Any CPU
		{4821242C-E17A-4805-AD28-8A0810B55D3A}.Debug|Any CPU.Build.0 = Debug|Any CPU
		{4821242C-E17A-4805-AD28-8A0810B55D3A}.Release|Any CPU.ActiveCfg = Release|Any CPU
		{4821242C-E17A-4805-AD28-8A0810B55D3A}.Release|Any CPU.Build.0 = Release|Any CPU
	EndGlobalSection
	GlobalSection(SolutionProperties) = preSolution
		HideSolutionNode = FALSE
	EndGlobalSection
EndGlobal
